
Microsoft Visual Studio Solution File, Format Version 12.00
# Visual Studio Version 16
VisualStudioVersion = 16.0.30114.105
MinimumVisualStudioVersion = 10.0.40219.1
Project("{FAE04EC0-301F-11D3-BF4B-00C04F79EFBC}") = "A9", "A9\A9.csproj", "{1D538C37-9E98-4E56-9A3A-79F2E68B67B6}"
EndProject
Project("{FAE04EC0-301F-11D3-BF4B-00C04F79EFBC}") = "A9.Tests", "A9.Tests\A9.Tests.csproj", "{FFB50D26-8237-449B-89CB-DA6DE778D176}"
EndProject
Project("{FAE04EC0-301F-11D3-BF4B-00C04F79EFBC}") = "TestCommon", "TestCommon\TestCommon.csproj", "{D52C8D95-9717-49C8-AD6A-4822A03F1ED7}"
EndProject
Global
	GlobalSection(SolutionConfigurationPlatforms) = preSolution
		Debug|Any CPU = Debug|Any CPU
		Release|Any CPU = Release|Any CPU
	EndGlobalSection
	GlobalSection(SolutionProperties) = preSolution
		HideSolutionNode = FALSE
	EndGlobalSection
	GlobalSection(ProjectConfigurationPlatforms) = postSolution
		{1D538C37-9E98-4E56-9A3A-79F2E68B67B6}.Debug|Any CPU.ActiveCfg = Debug|Any CPU
		{1D538C37-9E98-4E56-9A3A-79F2E68B67B6}.Debug|Any CPU.Build.0 = Debug|Any CPU
		{1D538C37-9E98-4E56-9A3A-79F2E68B67B6}.Release|Any CPU.ActiveCfg = Release|Any CPU
		{1D538C37-9E98-4E56-9A3A-79F2E68B67B6}.Release|Any CPU.Build.0 = Release|Any CPU
		{FFB50D26-8237-449B-89CB-DA6DE778D176}.Debug|Any CPU.ActiveCfg = Debug|Any CPU
		{FFB50D26-8237-449B-89CB-DA6DE778D176}.Debug|Any CPU.Build.0 = Debug|Any CPU
		{FFB50D26-8237-449B-89CB-DA6DE778D176}.Release|Any CPU.ActiveCfg = Release|Any CPU
		{FFB50D26-8237-449B-89CB-DA6DE778D176}.Release|Any CPU.Build.0 = Release|Any CPU
		{D52C8D95-9717-49C8-AD6A-4822A03F1ED7}.Debug|Any CPU.ActiveCfg = Debug|Any CPU
		{D52C8D95-9717-49C8-AD6A-4822A03F1ED7}.Debug|Any CPU.Build.0 = Debug|Any CPU
		{D52C8D95-9717-49C8-AD6A-4822A03F1ED7}.Release|Any CPU.ActiveCfg = Release|Any CPU
		{D52C8D95-9717-49C8-AD6A-4822A03F1ED7}.Release|Any CPU.Build.0 = Release|Any CPU
	EndGlobalSection
EndGlobal
