
Microsoft Visual Studio Solution File, Format Version 12.00
# Visual Studio Version 16
VisualStudioVersion = 16.0.30114.105
MinimumVisualStudioVersion = 10.0.40219.1
Project("{FAE04EC0-301F-11D3-BF4B-00C04F79EFBC}") = "A11", "A11\A11.csproj", "{03B1566C-A48B-4ED6-A5A4-FDD5B230854C}"
EndProject
Project("{FAE04EC0-301F-11D3-BF4B-00C04F79EFBC}") = "A11.Tests", "A11.Tests\A11.Tests.csproj", "{8D62B660-3ECF-40ED-BEFB-390EABB35647}"
EndProject
Project("{FAE04EC0-301F-11D3-BF4B-00C04F79EFBC}") = "TestCommon", "TestCommon\TestCommon.csproj", "{451C2D0C-CBB2-4370-8B42-1AAFEF360C80}"
EndProject
Global
	GlobalSection(SolutionConfigurationPlatforms) = preSolution
		Debug|Any CPU = Debug|Any CPU
		Release|Any CPU = Release|Any CPU
	EndGlobalSection
	GlobalSection(SolutionProperties) = preSolution
		HideSolutionNode = FALSE
	EndGlobalSection
	GlobalSection(ProjectConfigurationPlatforms) = postSolution
		{03B1566C-A48B-4ED6-A5A4-FDD5B230854C}.Debug|Any CPU.ActiveCfg = Debug|Any CPU
		{03B1566C-A48B-4ED6-A5A4-FDD5B230854C}.Debug|Any CPU.Build.0 = Debug|Any CPU
		{03B1566C-A48B-4ED6-A5A4-FDD5B230854C}.Release|Any CPU.ActiveCfg = Release|Any CPU
		{03B1566C-A48B-4ED6-A5A4-FDD5B230854C}.Release|Any CPU.Build.0 = Release|Any CPU
		{8D62B660-3ECF-40ED-BEFB-390EABB35647}.Debug|Any CPU.ActiveCfg = Debug|Any CPU
		{8D62B660-3ECF-40ED-BEFB-390EABB35647}.Debug|Any CPU.Build.0 = Debug|Any CPU
		{8D62B660-3ECF-40ED-BEFB-390EABB35647}.Release|Any CPU.ActiveCfg = Release|Any CPU
		{8D62B660-3ECF-40ED-BEFB-390EABB35647}.Release|Any CPU.Build.0 = Release|Any CPU
		{451C2D0C-CBB2-4370-8B42-1AAFEF360C80}.Debug|Any CPU.ActiveCfg = Debug|Any CPU
		{451C2D0C-CBB2-4370-8B42-1AAFEF360C80}.Debug|Any CPU.Build.0 = Debug|Any CPU
		{451C2D0C-CBB2-4370-8B42-1AAFEF360C80}.Release|Any CPU.ActiveCfg = Release|Any CPU
		{451C2D0C-CBB2-4370-8B42-1AAFEF360C80}.Release|Any CPU.Build.0 = Release|Any CPU
	EndGlobalSection
EndGlobal
